// !$*UTF8*$!
{
	archiveVersion = 1;
	classes = {
	};
	objectVersion = 56;
	objects = {

/* Begin PBXBuildFile section */
		F4BE95892AA64EAD008536F4 /* Aula_4App.swift in Sources */ = {isa = PBXBuildFile; fileRef = F4BE95882AA64EAD008536F4 /* Aula_4App.swift */; };
		F4BE958D2AA64EAE008536F4 /* Assets.xcassets in Resources */ = {isa = PBXBuildFile; fileRef = F4BE958C2AA64EAE008536F4 /* Assets.xcassets */; };
		F4BE95902AA64EAE008536F4 /* Preview Assets.xcassets in Resources */ = {isa = PBXBuildFile; fileRef = F4BE958F2AA64EAE008536F4 /* Preview Assets.xcassets */; };
		F4BE959D2AA65283008536F4 /* Main.swift in Sources */ = {isa = PBXBuildFile; fileRef = F4BE959C2AA65283008536F4 /* Main.swift */; };
		F4BE959F2AA65375008536F4 /* ContentView.swift in Sources */ = {isa = PBXBuildFile; fileRef = F4BE959E2AA65375008536F4 /* ContentView.swift */; };
		F4BE95A32AA6553E008536F4 /* Messages.swift in Sources */ = {isa = PBXBuildFile; fileRef = F4BE95A22AA6553E008536F4 /* Messages.swift */; };
		F4BE95A52AA65557008536F4 /* Photos.swift in Sources */ = {isa = PBXBuildFile; fileRef = F4BE95A42AA65557008536F4 /* Photos.swift */; };
		F4BE95A72AA655DE008536F4 /* SearchIcon.swift in Sources */ = {isa = PBXBuildFile; fileRef = F4BE95A62AA655DE008536F4 /* SearchIcon.swift */; };
		F4BE95A92AA6561A008536F4 /* Profile.swift in Sources */ = {isa = PBXBuildFile; fileRef = F4BE95A82AA6561A008536F4 /* Profile.swift */; };
		F4BE95AF2AA65832008536F4 /* ListItens.swift in Sources */ = {isa = PBXBuildFile; fileRef = F4BE95AE2AA65832008536F4 /* ListItens.swift */; };
/* End PBXBuildFile section */

/* Begin PBXFileReference section */
		F4BE95852AA64EAD008536F4 /* Aula 4.app */ = {isa = PBXFileReference; explicitFileType = wrapper.application; includeInIndex = 0; path = "Aula 4.app"; sourceTree = BUILT_PRODUCTS_DIR; };
		F4BE95882AA64EAD008536F4 /* Aula_4App.swift */ = {isa = PBXFileReference; lastKnownFileType = sourcecode.swift; path = Aula_4App.swift; sourceTree = "<group>"; };
		F4BE958C2AA64EAE008536F4 /* Assets.xcassets */ = {isa = PBXFileReference; lastKnownFileType = folder.assetcatalog; path = Assets.xcassets; sourceTree = "<group>"; };
		F4BE958F2AA64EAE008536F4 /* Preview Assets.xcassets */ = {isa = PBXFileReference; lastKnownFileType = folder.assetcatalog; path = "Preview Assets.xcassets"; sourceTree = "<group>"; };
		F4BE959C2AA65283008536F4 /* Main.swift */ = {isa = PBXFileReference; lastKnownFileType = sourcecode.swift; path = Main.swift; sourceTree = "<group>"; };
		F4BE959E2AA65375008536F4 /* ContentView.swift */ = {isa = PBXFileReference; lastKnownFileType = sourcecode.swift; path = ContentView.swift; sourceTree = "<group>"; };
		F4BE95A22AA6553E008536F4 /* Messages.swift */ = {isa = PBXFileReference; lastKnownFileType = sourcecode.swift; path = Messages.swift; sourceTree = "<group>"; };
		F4BE95A42AA65557008536F4 /* Photos.swift */ = {isa = PBXFileReference; lastKnownFileType = sourcecode.swift; path = Photos.swift; sourceTree = "<group>"; };
		F4BE95A62AA655DE008536F4 /* SearchIcon.swift */ = {isa = PBXFileReference; lastKnownFileType = sourcecode.swift; path = SearchIcon.swift; sourceTree = "<group>"; };
		F4BE95A82AA6561A008536F4 /* Profile.swift */ = {isa = PBXFileReference; lastKnownFileType = sourcecode.swift; path = Profile.swift; sourceTree = "<group>"; };
		F4BE95AE2AA65832008536F4 /* ListItens.swift */ = {isa = PBXFileReference; lastKnownFileType = sourcecode.swift; path = ListItens.swift; sourceTree = "<group>"; };
/* End PBXFileReference section */

/* Begin PBXFrameworksBuildPhase section */
		F4BE95822AA64EAD008536F4 /* Frameworks */ = {
			isa = PBXFrameworksBuildPhase;
			buildActionMask = 2147483647;
			files = (
			);
			runOnlyForDeploymentPostprocessing = 0;
		};
/* End PBXFrameworksBuildPhase section */

/* Begin PBXGroup section */
		F4BE957C2AA64EAD008536F4 = {
			isa = PBXGroup;
			children = (
				F4BE95872AA64EAD008536F4 /* Aula 4 */,
				F4BE95862AA64EAD008536F4 /* Products */,
			);
			sourceTree = "<group>";
		};
		F4BE95862AA64EAD008536F4 /* Products */ = {
			isa = PBXGroup;
			children = (
				F4BE95852AA64EAD008536F4 /* Aula 4.app */,
			);
			name = Products;
			sourceTree = "<group>";
		};
		F4BE95872AA64EAD008536F4 /* Aula 4 */ = {
			isa = PBXGroup;
			children = (
				F4BE95882AA64EAD008536F4 /* Aula_4App.swift */,
				F4BE959E2AA65375008536F4 /* ContentView.swift */,
				F4BE95A82AA6561A008536F4 /* Profile.swift */,
				F4BE95A62AA655DE008536F4 /* SearchIcon.swift */,
				F4BE95A22AA6553E008536F4 /* Messages.swift */,
				F4BE959C2AA65283008536F4 /* Main.swift */,
				F4BE95AE2AA65832008536F4 /* ListItens.swift */,
				F4BE95A42AA65557008536F4 /* Photos.swift */,
				F4BE958C2AA64EAE008536F4 /* Assets.xcassets */,
				F4BE958E2AA64EAE008536F4 /* Preview Content */,
			);
			path = "Aula 4";
			sourceTree = "<group>";
		};
		F4BE958E2AA64EAE008536F4 /* Preview Content */ = {
			isa = PBXGroup;
			children = (
				F4BE958F2AA64EAE008536F4 /* Preview Assets.xcassets */,
			);
			path = "Preview Content";
			sourceTree = "<group>";
		};
/* End PBXGroup section */

/* Begin PBXNativeTarget section */
		F4BE95842AA64EAD008536F4 /* Aula 4 */ = {
			isa = PBXNativeTarget;
			buildConfigurationList = F4BE95932AA64EAE008536F4 /* Build configuration list for PBXNativeTarget "Aula 4" */;
			buildPhases = (
				F4BE95812AA64EAD008536F4 /* Sources */,
				F4BE95822AA64EAD008536F4 /* Frameworks */,
				F4BE95832AA64EAD008536F4 /* Resources */,
			);
			buildRules = (
			);
			dependencies = (
			);
			name = "Aula 4";
			productName = "Aula 4";
			productReference = F4BE95852AA64EAD008536F4 /* Aula 4.app */;
			productType = "com.apple.product-type.application";
		};
/* End PBXNativeTarget section */

/* Begin PBXProject section */
		F4BE957D2AA64EAD008536F4 /* Project object */ = {
			isa = PBXProject;
			attributes = {
				BuildIndependentTargetsInParallel = 1;
				LastSwiftUpdateCheck = 1420;
				LastUpgradeCheck = 1420;
				TargetAttributes = {
					F4BE95842AA64EAD008536F4 = {
						CreatedOnToolsVersion = 14.2;
					};
				};
			};
			buildConfigurationList = F4BE95802AA64EAD008536F4 /* Build configuration list for PBXProject "Aula 4" */;
			compatibilityVersion = "Xcode 14.0";
			developmentRegion = en;
			hasScannedForEncodings = 0;
			knownRegions = (
				en,
				Base,
			);
			mainGroup = F4BE957C2AA64EAD008536F4;
			productRefGroup = F4BE95862AA64EAD008536F4 /* Products */;
			projectDirPath = "";
			projectRoot = "";
			targets = (
				F4BE95842AA64EAD008536F4 /* Aula 4 */,
			);
		};
/* End PBXProject section */

/* Begin PBXResourcesBuildPhase section */
		F4BE95832AA64EAD008536F4 /* Resources */ = {
			isa = PBXResourcesBuildPhase;
			buildActionMask = 2147483647;
			files = (
				F4BE95902AA64EAE008536F4 /* Preview Assets.xcassets in Resources */,
				F4BE958D2AA64EAE008536F4 /* Assets.xcassets in Resources */,
			);
			runOnlyForDeploymentPostprocessing = 0;
		};
/* End PBXResourcesBuildPhase section */

/* Begin PBXSourcesBuildPhase section */
		F4BE95812AA64EAD008536F4 /* Sources */ = {
			isa = PBXSourcesBuildPhase;
			buildActionMask = 2147483647;
			files = (
				F4BE95A72AA655DE008536F4 /* SearchIcon.swift in Sources */,
				F4BE95AF2AA65832008536F4 /* ListItens.swift in Sources */,
				F4BE95A52AA65557008536F4 /* Photos.swift in Sources */,
				F4BE95A32AA6553E008536F4 /* Messages.swift in Sources */,
				F4BE95A92AA6561A008536F4 /* Profile.swift in Sources */,
				F4BE959D2AA65283008536F4 /* Main.swift in Sources */,
				F4BE959F2AA65375008536F4 /* ContentView.swift in Sources */,
				F4BE95892AA64EAD008536F4 /* Aula_4App.swift in Sources */,
			);
			runOnlyForDeploymentPostprocessing = 0;
		};
/* End PBXSourcesBuildPhase section */

/* Begin XCBuildConfiguration section */
		F4BE95912AA64EAE008536F4 /* Debug */ = {
			isa = XCBuildConfiguration;
			buildSettings = {
				ALWAYS_SEARCH_USER_PATHS = NO;
				CLANG_ANALYZER_NONNULL = YES;
				CLANG_ANALYZER_NUMBER_OBJECT_CONVERSION = YES_AGGRESSIVE;
				CLANG_CXX_LANGUAGE_STANDARD = "gnu++20";
				CLANG_ENABLE_MODULES = YES;
				CLANG_ENABLE_OBJC_ARC = YES;
				CLANG_ENABLE_OBJC_WEAK = YES;
				CLANG_WARN_BLOCK_CAPTURE_AUTORELEASING = YES;
				CLANG_WARN_BOOL_CONVERSION = YES;
				CLANG_WARN_COMMA = YES;
				CLANG_WARN_CONSTANT_CONVERSION = YES;
				CLANG_WARN_DEPRECATED_OBJC_IMPLEMENTATIONS = YES;
				CLANG_WARN_DIRECT_OBJC_ISA_USAGE = YES_ERROR;
				CLANG_WARN_DOCUMENTATION_COMMENTS = YES;
				CLANG_WARN_EMPTY_BODY = YES;
				CLANG_WARN_ENUM_CONVERSION = YES;
				CLANG_WARN_INFINITE_RECURSION = YES;
				CLANG_WARN_INT_CONVERSION = YES;
				CLANG_WARN_NON_LITERAL_NULL_CONVERSION = YES;
				CLANG_WARN_OBJC_IMPLICIT_RETAIN_SELF = YES;
				CLANG_WARN_OBJC_LITERAL_CONVERSION = YES;
				CLANG_WARN_OBJC_ROOT_CLASS = YES_ERROR;
				CLANG_WARN_QUOTED_INCLUDE_IN_FRAMEWORK_HEADER = YES;
				CLANG_WARN_RANGE_LOOP_ANALYSIS = YES;
				CLANG_WARN_STRICT_PROTOTYPES = YES;
				CLANG_WARN_SUSPICIOUS_MOVE = YES;
				CLANG_WARN_UNGUARDED_AVAILABILITY = YES_AGGRESSIVE;
				CLANG_WARN_UNREACHABLE_CODE = YES;
				CLANG_WARN__DUPLICATE_METHOD_MATCH = YES;
				COPY_PHASE_STRIP = NO;
				DEBUG_INFORMATION_FORMAT = dwarf;
				ENABLE_STRICT_OBJC_MSGSEND = YES;
				ENABLE_TESTABILITY = YES;
				GCC_C_LANGUAGE_STANDARD = gnu11;
				GCC_DYNAMIC_NO_PIC = NO;
				GCC_NO_COMMON_BLOCKS = YES;
				GCC_OPTIMIZATION_LEVEL = 0;
				GCC_PREPROCESSOR_DEFINITIONS = (
					"DEBUG=1",
					"$(inherited)",
				);
				GCC_WARN_64_TO_32_BIT_CONVERSION = YES;
				GCC_WARN_ABOUT_RETURN_TYPE = YES_ERROR;
				GCC_WARN_UNDECLARED_SELECTOR = YES;
				GCC_WARN_UNINITIALIZED_AUTOS = YES_AGGRESSIVE;
				GCC_WARN_UNUSED_FUNCTION = YES;
				GCC_WARN_UNUSED_VARIABLE = YES;
				IPHONEOS_DEPLOYMENT_TARGET = 16.2;
				MTL_ENABLE_DEBUG_INFO = INCLUDE_SOURCE;
				MTL_FAST_MATH = YES;
				ONLY_ACTIVE_ARCH = YES;
				SDKROOT = iphoneos;
				SWIFT_ACTIVE_COMPILATION_CONDITIONS = DEBUG;
				SWIFT_OPTIMIZATION_LEVEL = "-Onone";
			};
			name = Debug;
		};
		F4BE95922AA64EAE008536F4 /* Release */ = {
			isa = XCBuildConfiguration;
			buildSettings = {
				ALWAYS_SEARCH_USER_PATHS = NO;
				CLANG_ANALYZER_NONNULL = YES;
				CLANG_ANALYZER_NUMBER_OBJECT_CONVERSION = YES_AGGRESSIVE;
				CLANG_CXX_LANGUAGE_STANDARD = "gnu++20";
				CLANG_ENABLE_MODULES = YES;
				CLANG_ENABLE_OBJC_ARC = YES;
				CLANG_ENABLE_OBJC_WEAK = YES;
				CLANG_WARN_BLOCK_CAPTURE_AUTORELEASING = YES;
				CLANG_WARN_BOOL_CONVERSION = YES;
				CLANG_WARN_COMMA = YES;
				CLANG_WARN_CONSTANT_CONVERSION = YES;
				CLANG_WARN_DEPRECATED_OBJC_IMPLEMENTATIONS = YES;
				CLANG_WARN_DIRECT_OBJC_ISA_USAGE = YES_ERROR;
				CLANG_WARN_DOCUMENTATION_COMMENTS = YES;
				CLANG_WARN_EMPTY_BODY = YES;
				CLANG_WARN_ENUM_CONVERSION = YES;
				CLANG_WARN_INFINITE_RECURSION = YES;
				CLANG_WARN_INT_CONVERSION = YES;
				CLANG_WARN_NON_LITERAL_NULL_CONVERSION = YES;
				CLANG_WARN_OBJC_IMPLICIT_RETAIN_SELF = YES;
				CLANG_WARN_OBJC_LITERAL_CONVERSION = YES;
				CLANG_WARN_OBJC_ROOT_CLASS = YES_ERROR;
				CLANG_WARN_QUOTED_INCLUDE_IN_FRAMEWORK_HEADER = YES;
				CLANG_WARN_RANGE_LOOP_ANALYSIS = YES;
				CLANG_WARN_STRICT_PROTOTYPES = YES;
				CLANG_WARN_SUSPICIOUS_MOVE = YES;
				CLANG_WARN_UNGUARDED_AVAILABILITY = YES_AGGRESSIVE;
				CLANG_WARN_UNREACHABLE_CODE = YES;
				CLANG_WARN__DUPLICATE_METHOD_MATCH = YES;
				COPY_PHASE_STRIP = NO;
				DEBUG_INFORMATION_FORMAT = "dwarf-with-dsym";
				ENABLE_NS_ASSERTIONS = NO;
				ENABLE_STRICT_OBJC_MSGSEND = YES;
				GCC_C_LANGUAGE_STANDARD = gnu11;
				GCC_NO_COMMON_BLOCKS = YES;
				GCC_WARN_64_TO_32_BIT_CONVERSION = YES;
				GCC_WARN_ABOUT_RETURN_TYPE = YES_ERROR;
				GCC_WARN_UNDECLARED_SELECTOR = YES;
				GCC_WARN_UNINITIALIZED_AUTOS = YES_AGGRESSIVE;
				GCC_WARN_UNUSED_FUNCTION = YES;
				GCC_WARN_UNUSED_VARIABLE = YES;
				IPHONEOS_DEPLOYMENT_TARGET = 16.2;
				MTL_ENABLE_DEBUG_INFO = NO;
				MTL_FAST_MATH = YES;
				SDKROOT = iphoneos;
				SWIFT_COMPILATION_MODE = wholemodule;
				SWIFT_OPTIMIZATION_LEVEL = "-O";
				VALIDATE_PRODUCT = YES;
			};
			name = Release;
		};
		F4BE95942AA64EAE008536F4 /* Debug */ = {
			isa = XCBuildConfiguration;
			buildSettings = {
				ASSETCATALOG_COMPILER_APPICON_NAME = AppIcon;
				ASSETCATALOG_COMPILER_GLOBAL_ACCENT_COLOR_NAME = AccentColor;
				CODE_SIGN_STYLE = Automatic;
				CURRENT_PROJECT_VERSION = 1;
				DEVELOPMENT_ASSET_PATHS = "\"Aula 4/Preview Content\"";
				ENABLE_PREVIEWS = YES;
				GENERATE_INFOPLIST_FILE = YES;
				INFOPLIST_KEY_UIApplicationSceneManifest_Generation = YES;
				INFOPLIST_KEY_UIApplicationSupportsIndirectInputEvents = YES;
				INFOPLIST_KEY_UILaunchScreen_Generation = YES;
				INFOPLIST_KEY_UISupportedInterfaceOrientations_iPad = "UIInterfaceOrientationPortrait UIInterfaceOrientationPortraitUpsideDown UIInterfaceOrientationLandscapeLeft UIInterfaceOrientationLandscapeRight";
				INFOPLIST_KEY_UISupportedInterfaceOrientations_iPhone = "UIInterfaceOrientationPortrait UIInterfaceOrientationLandscapeLeft UIInterfaceOrientationLandscapeRight";
				LD_RUNPATH_SEARCH_PATHS = (
					"$(inherited)",
					"@executable_path/Frameworks",
				);
				MARKETING_VERSION = 1.0;
				PRODUCT_BUNDLE_IDENTIFIER = "Giovani.Aula-4";
				PRODUCT_NAME = "$(TARGET_NAME)";
				SWIFT_EMIT_LOC_STRINGS = YES;
				SWIFT_VERSION = 5.0;
				TARGETED_DEVICE_FAMILY = "1,2";
			};
			name = Debug;
		};
		F4BE95952AA64EAE008536F4 /* Release */ = {
			isa = XCBuildConfiguration;
			buildSettings = {
				ASSETCATALOG_COMPILER_APPICON_NAME = AppIcon;
				ASSETCATALOG_COMPILER_GLOBAL_ACCENT_COLOR_NAME = AccentColor;
				CODE_SIGN_STYLE = Automatic;
				CURRENT_PROJECT_VERSION = 1;
				DEVELOPMENT_ASSET_PATHS = "\"Aula 4/Preview Content\"";
				ENABLE_PREVIEWS = YES;
				GENERATE_INFOPLIST_FILE = YES;
				INFOPLIST_KEY_UIApplicationSceneManifest_Generation = YES;
				INFOPLIST_KEY_UIApplicationSupportsIndirectInputEvents = YES;
				INFOPLIST_KEY_UILaunchScreen_Generation = YES;
				INFOPLIST_KEY_UISupportedInterfaceOrientations_iPad = "UIInterfaceOrientationPortrait UIInterfaceOrientationPortraitUpsideDown UIInterfaceOrientationLandscapeLeft UIInterfaceOrientationLandscapeRight";
				INFOPLIST_KEY_UISupportedInterfaceOrientations_iPhone = "UIInterfaceOrientationPortrait UIInterfaceOrientationLandscapeLeft UIInterfaceOrientationLandscapeRight";
				LD_RUNPATH_SEARCH_PATHS = (
					"$(inherited)",
					"@executable_path/Frameworks",
				);
				MARKETING_VERSION = 1.0;
				PRODUCT_BUNDLE_IDENTIFIER = "Giovani.Aula-4";
				PRODUCT_NAME = "$(TARGET_NAME)";
				SWIFT_EMIT_LOC_STRINGS = YES;
				SWIFT_VERSION = 5.0;
				TARGETED_DEVICE_FAMILY = "1,2";
			};
			name = Release;
		};
/* End XCBuildConfiguration section */

/* Begin XCConfigurationList section */
		F4BE95802AA64EAD008536F4 /* Build configuration list for PBXProject "Aula 4" */ = {
			isa = XCConfigurationList;
			buildConfigurations = (
				F4BE95912AA64EAE008536F4 /* Debug */,
				F4BE95922AA64EAE008536F4 /* Release */,
			);
			defaultConfigurationIsVisible = 0;
			defaultConfigurationName = Release;
		};
		F4BE95932AA64EAE008536F4 /* Build configuration list for PBXNativeTarget "Aula 4" */ = {
			isa = XCConfigurationList;
			buildConfigurations = (
				F4BE95942AA64EAE008536F4 /* Debug */,
				F4BE95952AA64EAE008536F4 /* Release */,
			);
			defaultConfigurationIsVisible = 0;
			defaultConfigurationName = Release;
		};
/* End XCConfigurationList section */
	};
	rootObject = F4BE957D2AA64EAD008536F4 /* Project object */;
}
